Microsoft Visual Studio Solution File, Format Version 12.00
# Visual Studio 15
VisualStudioVersion = 15.0.28307.136
MinimumVisualStudioVersion = 10.0.40219.1
Project("{8BC9CEB8-8B4A-11D0-8D11-00A0C91BC942}") = "Com", "..\..\base-7.0.6.1\modules\libcom\src\Com.vcxproj", "{E9D99FC7-E592-472B-B2E2-C3B0D81D8169}"
EndProject
Project("{8BC9CEB8-8B4A-11D0-8D11-00A0C91BC942}") = "ca", "..\..\base-7.0.6.1\modules\ca\src\client\ca.vcxproj", "{361BCEBD-8B02-4B15-B28B-863F0602CB99}"
EndProject
Project("{8BC9CEB8-8B4A-11D0-8D11-00A0C91BC942}") = "e_flex", "..\..\base-7.0.6.1\modules\libcom\src\flex\e_flex.vcxproj", "{280222D8-1C6B-430D-8F32-C8A47397525B}"
EndProject
Project("{8BC9CEB8-8B4A-11D0-8D11-00A0C91BC942}") = "antelope", "..\..\base-7.0.6.1\modules\libcom\src\yacc\antelope.vcxproj", "{B06AFD40-69E3-4D78-B401-75A27C869381}"
EndProject
Project("{2150E333-8FDC-42A3-9474-1A3956D46DE8}") = "base-7.0.6.1", "base-7.0.6.1", "{D772CB17-6D38-48F4-958E-6A721026C056}"
EndProject
Project("{2150E333-8FDC-42A3-9474-1A3956D46DE8}") = "src", "src", "{AF70446C-3E93-42DF-9943-18DDCFA4991A}"
EndProject
Project("{2150E333-8FDC-42A3-9474-1A3956D46DE8}") = "flex", "flex", "{CD897BA0-128B-4B9D-9BD0-1829E3EB91C6}"
EndProject
Project("{2150E333-8FDC-42A3-9474-1A3956D46DE8}") = "yacc", "yacc", "{D915C7BF-E16C-446D-BB8F-26414F1C8F5B}"
EndProject
Project("{2150E333-8FDC-42A3-9474-1A3956D46DE8}") = "tools", "tools", "{72F51F37-2669-43E0-A166-04E8FD34B294}"
EndProject
Project("{8BC9CEB8-8B4A-11D0-8D11-00A0C91BC942}") = "tools", "..\..\base-7.0.6.1\src\tools\tools.vcxproj", "{5CCE1C6A-2BD5-48BF-99E2-D29B58F91991}"
EndProject
Project("{2150E333-8FDC-42A3-9474-1A3956D46DE8}") = "ioc", "ioc", "{5499ACCB-903F-4F89-AAFA-C82E7AF7F132}"
EndProject
Project("{8BC9CEB8-8B4A-11D0-8D11-00A0C91BC942}") = "dbCore", "..\..\base-7.0.6.1\modules\database\src\ioc\dbCore.vcxproj", "{422A8C73-836C-48CB-86C8-0591E69C0CA1}"
EndProject
Project("{8BC9CEB8-8B4A-11D0-8D11-00A0C91BC942}") = "dbRecStd", "..\..\base-7.0.6.1\modules\database\src\std\dbRecStd.vcxproj", "{9CF8D9AB-E47D-4923-A251-80E40B4E7144}"
EndProject
Project("{2150E333-8FDC-42A3-9474-1A3956D46DE8}") = "softIoc", "softIoc", "{BA5F5A20-2C40-4066-AE19-9853DFF82EEE}"
EndProject
Project("{8BC9CEB8-8B4A-11D0-8D11-00A0C91BC942}") = "softIoc", "..\..\base-7.0.6.1\modules\database\src\std\softIoc\softIoc.vcxproj", "{CE14B4D8-C63F-4EA6-9DE4-CACE48EA092C}"
EndProject
Project("{2150E333-8FDC-42A3-9474-1A3956D46DE8}") = "bpt", "bpt", "{3BE95765-EB5A-44D6-9369-A8759A2FAFDE}"
EndProject
Project("{8BC9CEB8-8B4A-11D0-8D11-00A0C91BC942}") = "makeBpt", "..\..\base-7.0.6.1\modules\database\src\ioc\bpt\makeBpt.vcxproj", "{A17BA797-3CA6-47F9-B47E-673118EABA1A}"
EndProject
Project("{2150E333-8FDC-42A3-9474-1A3956D46DE8}") = "pyDevSup", "pyDevSup", "{D04ACFD8-B76B-4D6C-BF02-F280CF75ABAA}"
EndProject
Project("{2150E333-8FDC-42A3-9474-1A3956D46DE8}") = "devsupApp", "devsupApp", "{C2A4C477-2BE6-494C-89F3-B51BA1376EBD}"
EndProject
Project("{2150E333-8FDC-42A3-9474-1A3956D46DE8}") = "configure", "configure", "{18C9AB30-1CAF-4A41-95A2-0CA2D3E19854}"
EndProject
Project("{2150E333-8FDC-42A3-9474-1A3956D46DE8}") = "iocBoot", "iocBoot", "{73322DE2-4EF3-41A8-86BE-BB9C2EEFDE68}"
EndProject
Project("{2150E333-8FDC-42A3-9474-1A3956D46DE8}") = "modules", "modules", "{7605EED0-5C32-4994-A46F-CB2C7F6626B7}"
EndProject
Project("{2150E333-8FDC-42A3-9474-1A3956D46DE8}") = "ca", "ca", "{E66A6FB1-9A3A-4BD0-BED5-B3C841AD193A}"
EndProject
Project("{2150E333-8FDC-42A3-9474-1A3956D46DE8}") = "client", "client", "{2CAA5CD1-B135-4215-B9DE-8B15EB19F8FB}"
EndProject
Project("{2150E333-8FDC-42A3-9474-1A3956D46DE8}") = "database", "database", "{1BAAD656-1CBB-4D3E-A983-0D14F518877A}"
EndProject
Project("{2150E333-8FDC-42A3-9474-1A3956D46DE8}") = "src", "src", "{0FEE2476-268F-4683-B3AA-8CA5932333C6}"
EndProject
Project("{2150E333-8FDC-42A3-9474-1A3956D46DE8}") = "libcom", "libcom", "{7D7B9019-333C-40E3-AC42-F21B6D638C09}"
EndProject
Project("{2150E333-8FDC-42A3-9474-1A3956D46DE8}") = "src", "src", "{2A16E720-4EE8-47A8-AF11-97DFE4B79C6D}"
EndProject
Project("{2150E333-8FDC-42A3-9474-1A3956D46DE8}") = "std", "std", "{B81B8DF0-D48C-4D5C-B1EB-FC8C2ACCA29F}"
EndProject
Project("{2150E333-8FDC-42A3-9474-1A3956D46DE8}") = "tools", "tools", "{76FAEC6F-2322-43DF-B96E-D2D0EDF57845}"
EndProject
Project("{8BC9CEB8-8B4A-11D0-8D11-00A0C91BC942}") = "dbtools", "..\..\base-7.0.6.1\modules\database\src\tools\dbtools.vcxproj", "{421A512B-4C74-4461-9956-DC5864275D18}"
EndProject
Project("{2150E333-8FDC-42A3-9474-1A3956D46DE8}") = "src", "src", "{154531C9-D836-409A-9B2D-E7E893510855}"
EndProject
Project("{8BC9CEB8-8B4A-11D0-8D11-00A0C91BC942}") = "softIocPy310", "pyIocApp\softIocPy310.vcxproj", "{D3311F39-9AE8-4F16-BE04-1D1D31135BA9}"
EndProject
Project("{2150E333-8FDC-42A3-9474-1A3956D46DE8}") = "iocapplmon", "iocapplmon", "{D05A6C72-E20D-4B21-A544-E76A419329F8}"
	ProjectSection(SolutionItems) = preProject
		iocBoot\iocapplmon\Makefile = iocBoot\iocapplmon\Makefile
		iocBoot\iocapplmon\st.bat = iocBoot\iocapplmon\st.bat
		iocBoot\iocapplmon\st.cmd = iocBoot\iocapplmon\st.cmd
	EndProjectSection
EndProject
Project("{2150E333-8FDC-42A3-9474-1A3956D46DE8}") = "iocarchivemon", "iocarchivemon", "{CDA2E23F-F2E4-4D36-85AE-43398D800DC4}"
	ProjectSection(SolutionItems) = preProject
		iocBoot\iocarchivemon\Makefile = iocBoot\iocarchivemon\Makefile
		iocBoot\iocarchivemon\st.cmd = iocBoot\iocarchivemon\st.cmd
		iocBoot\iocarchivemon\st.cmd.main = iocBoot\iocarchivemon\st.cmd.main
	EndProjectSection
EndProject
Project("{2150E333-8FDC-42A3-9474-1A3956D46DE8}") = "ioccaputlog", "ioccaputlog", "{54B14EFD-5FF5-443C-B40D-F6B4B964309D}"
	ProjectSection(SolutionItems) = preProject
		iocBoot\ioccaputlog\Makefile = iocBoot\ioccaputlog\Makefile
		iocBoot\ioccaputlog\st.cmd = iocBoot\ioccaputlog\st.cmd
	EndProjectSection
EndProject
Project("{2150E333-8FDC-42A3-9474-1A3956D46DE8}") = "iocFPM", "iocFPM", "{A784112A-84CF-4226-8C80-307F53413D1F}"
	ProjectSection(SolutionItems) = preProject
		iocBoot\iocFPM\fpm.db = iocBoot\iocFPM\fpm.db
		iocBoot\iocFPM\fpm.py = iocBoot\iocFPM\fpm.py
		iocBoot\iocFPM\loadnp.py = iocBoot\iocFPM\loadnp.py
		iocBoot\iocFPM\Makefile = iocBoot\iocFPM\Makefile
		iocBoot\iocFPM\st.cmd = iocBoot\iocFPM\st.cmd
	EndProjectSection
EndProject
Project("{2150E333-8FDC-42A3-9474-1A3956D46DE8}") = "iocweatherbnl", "iocweatherbnl", "{3674D600-79C9-4BCE-A19E-4A7FC6332426}"
	ProjectSection(SolutionItems) = preProject
		iocBoot\iocweatherbnl\Makefile = iocBoot\iocweatherbnl\Makefile
		iocBoot\iocweatherbnl\st.bat = iocBoot\iocweatherbnl\st.bat
		iocBoot\iocweatherbnl\st.cmd = iocBoot\iocweatherbnl\st.cmd
	EndProjectSection
EndProject
Project("{8BC9CEB8-8B4A-11D0-8D11-00A0C91BC942}") = "_dbapi", "devsupApp\_devsup.vcxproj", "{BAE6CE99-140A-4018-8BCB-9D63F54D6F07}"
EndProject
Project("{2150E333-8FDC-42A3-9474-1A3956D46DE8}") = "pyIocApp", "pyIocApp", "{C10F6E3C-C515-4707-991E-4D5F193D5D86}"
EndProject
Project("{8BC9CEB8-8B4A-11D0-8D11-00A0C91BC942}") = "pyDevSup310", "pyIocApp\pyDevSup310.vcxproj", "{E0621B43-15E2-4080-B777-16C02E5B4611}"
EndProject
Global
	GlobalSection(SolutionConfigurationPlatforms) = preSolution
		Debug_DLL|Win32 = Debug_DLL|Win32
		Debug_DLL|x64 = Debug_DLL|x64
		Debug_LIB|Win32 = Debug_LIB|Win32
		Debug_LIB|x64 = Debug_LIB|x64
		Release_DLL|Win32 = Release_DLL|Win32
		Release_DLL|x64 = Release_DLL|x64
		Release_LIB|Win32 = Release_LIB|Win32
		Release_LIB|x64 = Release_LIB|x64
	EndGlobalSection
	GlobalSection(ProjectConfigurationPlatforms) = postSolution
		{E9D99FC7-E592-472B-B2E2-C3B0D81D8169}.Debug_DLL|Win32.ActiveCfg = Debug_DLL|Win32
		{E9D99FC7-E592-472B-B2E2-C3B0D81D8169}.Debug_DLL|Win32.Build.0 = Debug_DLL|Win32
		{E9D99FC7-E592-472B-B2E2-C3B0D81D8169}.Debug_DLL|x64.ActiveCfg = Debug_DLL|x64
		{E9D99FC7-E592-472B-B2E2-C3B0D81D8169}.Debug_DLL|x64.Build.0 = Debug_DLL|x64
		{E9D99FC7-E592-472B-B2E2-C3B0D81D8169}.Debug_LIB|Win32.ActiveCfg = Debug_LIB|Win32
		{E9D99FC7-E592-472B-B2E2-C3B0D81D8169}.Debug_LIB|Win32.Build.0 = Debug_LIB|Win32
		{E9D99FC7-E592-472B-B2E2-C3B0D81D8169}.Debug_LIB|x64.ActiveCfg = Debug_LIB|x64
		{E9D99FC7-E592-472B-B2E2-C3B0D81D8169}.Debug_LIB|x64.Build.0 = Debug_LIB|x64
		{E9D99FC7-E592-472B-B2E2-C3B0D81D8169}.Release_DLL|Win32.ActiveCfg = Release_DLL|Win32
		{E9D99FC7-E592-472B-B2E2-C3B0D81D8169}.Release_DLL|Win32.Build.0 = Release_DLL|Win32
		{E9D99FC7-E592-472B-B2E2-C3B0D81D8169}.Release_DLL|x64.ActiveCfg = Release_DLL|x64
		{E9D99FC7-E592-472B-B2E2-C3B0D81D8169}.Release_DLL|x64.Build.0 = Release_DLL|x64
		{E9D99FC7-E592-472B-B2E2-C3B0D81D8169}.Release_LIB|Win32.ActiveCfg = Release_LIB|Win32
		{E9D99FC7-E592-472B-B2E2-C3B0D81D8169}.Release_LIB|Win32.Build.0 = Release_LIB|Win32
		{E9D99FC7-E592-472B-B2E2-C3B0D81D8169}.Release_LIB|x64.ActiveCfg = Release_LIB|x64
		{E9D99FC7-E592-472B-B2E2-C3B0D81D8169}.Release_LIB|x64.Build.0 = Release_LIB|x64
		{361BCEBD-8B02-4B15-B28B-863F0602CB99}.Debug_DLL|Win32.ActiveCfg = Debug_DLL|Win32
		{361BCEBD-8B02-4B15-B28B-863F0602CB99}.Debug_DLL|Win32.Build.0 = Debug_DLL|Win32
		{361BCEBD-8B02-4B15-B28B-863F0602CB99}.Debug_DLL|x64.ActiveCfg = Debug_DLL|x64
		{361BCEBD-8B02-4B15-B28B-863F0602CB99}.Debug_DLL|x64.Build.0 = Debug_DLL|x64
		{361BCEBD-8B02-4B15-B28B-863F0602CB99}.Debug_LIB|Win32.ActiveCfg = Debug_LIB|Win32
		{361BCEBD-8B02-4B15-B28B-863F0602CB99}.Debug_LIB|Win32.Build.0 = Debug_LIB|Win32
		{361BCEBD-8B02-4B15-B28B-863F0602CB99}.Debug_LIB|x64.ActiveCfg = Debug_LIB|x64
		{361BCEBD-8B02-4B15-B28B-863F0602CB99}.Debug_LIB|x64.Build.0 = Debug_LIB|x64
		{361BCEBD-8B02-4B15-B28B-863F0602CB99}.Release_DLL|Win32.ActiveCfg = Release_DLL|Win32
		{361BCEBD-8B02-4B15-B28B-863F0602CB99}.Release_DLL|Win32.Build.0 = Release_DLL|Win32
		{361BCEBD-8B02-4B15-B28B-863F0602CB99}.Release_DLL|x64.ActiveCfg = Release_DLL|x64
		{361BCEBD-8B02-4B15-B28B-863F0602CB99}.Release_DLL|x64.Build.0 = Release_DLL|x64
		{361BCEBD-8B02-4B15-B28B-863F0602CB99}.Release_LIB|Win32.ActiveCfg = Release_LIB|Win32
		{361BCEBD-8B02-4B15-B28B-863F0602CB99}.Release_LIB|Win32.Build.0 = Release_LIB|Win32
		{361BCEBD-8B02-4B15-B28B-863F0602CB99}.Release_LIB|x64.ActiveCfg = Release_LIB|x64
		{361BCEBD-8B02-4B15-B28B-863F0602CB99}.Release_LIB|x64.Build.0 = Release_LIB|x64
		{280222D8-1C6B-430D-8F32-C8A47397525B}.Debug_DLL|Win32.ActiveCfg = Debug_DLL|Win32
		{280222D8-1C6B-430D-8F32-C8A47397525B}.Debug_DLL|Win32.Build.0 = Debug_DLL|Win32
		{280222D8-1C6B-430D-8F32-C8A47397525B}.Debug_DLL|x64.ActiveCfg = Debug_DLL|x64
		{280222D8-1C6B-430D-8F32-C8A47397525B}.Debug_DLL|x64.Build.0 = Debug_DLL|x64
		{280222D8-1C6B-430D-8F32-C8A47397525B}.Debug_LIB|Win32.ActiveCfg = Debug_LIB|Win32
		{280222D8-1C6B-430D-8F32-C8A47397525B}.Debug_LIB|Win32.Build.0 = Debug_LIB|Win32
		{280222D8-1C6B-430D-8F32-C8A47397525B}.Debug_LIB|x64.ActiveCfg = Debug_LIB|x64
		{280222D8-1C6B-430D-8F32-C8A47397525B}.Debug_LIB|x64.Build.0 = Debug_LIB|x64
		{280222D8-1C6B-430D-8F32-C8A47397525B}.Release_DLL|Win32.ActiveCfg = Release_DLL|Win32
		{280222D8-1C6B-430D-8F32-C8A47397525B}.Release_DLL|Win32.Build.0 = Release_DLL|Win32
		{280222D8-1C6B-430D-8F32-C8A47397525B}.Release_DLL|x64.ActiveCfg = Release_DLL|x64
		{280222D8-1C6B-430D-8F32-C8A47397525B}.Release_DLL|x64.Build.0 = Release_DLL|x64
		{280222D8-1C6B-430D-8F32-C8A47397525B}.Release_LIB|Win32.ActiveCfg = Release_LIB|Win32
		{280222D8-1C6B-430D-8F32-C8A47397525B}.Release_LIB|Win32.Build.0 = Release_LIB|Win32
		{280222D8-1C6B-430D-8F32-C8A47397525B}.Release_LIB|x64.ActiveCfg = Release_LIB|x64
		{280222D8-1C6B-430D-8F32-C8A47397525B}.Release_LIB|x64.Build.0 = Release_LIB|x64
		{B06AFD40-69E3-4D78-B401-75A27C869381}.Debug_DLL|Win32.ActiveCfg = Debug_DLL|Win32
		{B06AFD40-69E3-4D78-B401-75A27C869381}.Debug_DLL|Win32.Build.0 = Debug_DLL|Win32
		{B06AFD40-69E3-4D78-B401-75A27C869381}.Debug_DLL|x64.ActiveCfg = Debug_DLL|x64
		{B06AFD40-69E3-4D78-B401-75A27C869381}.Debug_DLL|x64.Build.0 = Debug_DLL|x64
		{B06AFD40-69E3-4D78-B401-75A27C869381}.Debug_LIB|Win32.ActiveCfg = Debug_LIB|Win32
		{B06AFD40-69E3-4D78-B401-75A27C869381}.Debug_LIB|Win32.Build.0 = Debug_LIB|Win32
		{B06AFD40-69E3-4D78-B401-75A27C869381}.Debug_LIB|x64.ActiveCfg = Debug_LIB|x64
		{B06AFD40-69E3-4D78-B401-75A27C869381}.Debug_LIB|x64.Build.0 = Debug_LIB|x64
		{B06AFD40-69E3-4D78-B401-75A27C869381}.Release_DLL|Win32.ActiveCfg = Release_DLL|Win32
		{B06AFD40-69E3-4D78-B401-75A27C869381}.Release_DLL|Win32.Build.0 = Release_DLL|Win32
		{B06AFD40-69E3-4D78-B401-75A27C869381}.Release_DLL|x64.ActiveCfg = Release_DLL|x64
		{B06AFD40-69E3-4D78-B401-75A27C869381}.Release_DLL|x64.Build.0 = Release_DLL|x64
		{B06AFD40-69E3-4D78-B401-75A27C869381}.Release_LIB|Win32.ActiveCfg = Release_LIB|Win32
		{B06AFD40-69E3-4D78-B401-75A27C869381}.Release_LIB|Win32.Build.0 = Release_LIB|Win32
		{B06AFD40-69E3-4D78-B401-75A27C869381}.Release_LIB|x64.ActiveCfg = Release_LIB|x64
		{B06AFD40-69E3-4D78-B401-75A27C869381}.Release_LIB|x64.Build.0 = Release_LIB|x64
		{5CCE1C6A-2BD5-48BF-99E2-D29B58F91991}.Debug_DLL|Win32.ActiveCfg = Debug_DLL|Win32
		{5CCE1C6A-2BD5-48BF-99E2-D29B58F91991}.Debug_DLL|Win32.Build.0 = Debug_DLL|Win32
		{5CCE1C6A-2BD5-48BF-99E2-D29B58F91991}.Debug_DLL|x64.ActiveCfg = Debug_DLL|x64
		{5CCE1C6A-2BD5-48BF-99E2-D29B58F91991}.Debug_DLL|x64.Build.0 = Debug_DLL|x64
		{5CCE1C6A-2BD5-48BF-99E2-D29B58F91991}.Debug_LIB|Win32.ActiveCfg = Debug_LIB|Win32
		{5CCE1C6A-2BD5-48BF-99E2-D29B58F91991}.Debug_LIB|Win32.Build.0 = Debug_LIB|Win32
		{5CCE1C6A-2BD5-48BF-99E2-D29B58F91991}.Debug_LIB|x64.ActiveCfg = Debug_LIB|x64
		{5CCE1C6A-2BD5-48BF-99E2-D29B58F91991}.Debug_LIB|x64.Build.0 = Debug_LIB|x64
		{5CCE1C6A-2BD5-48BF-99E2-D29B58F91991}.Release_DLL|Win32.ActiveCfg = Release_DLL|Win32
		{5CCE1C6A-2BD5-48BF-99E2-D29B58F91991}.Release_DLL|Win32.Build.0 = Release_DLL|Win32
		{5CCE1C6A-2BD5-48BF-99E2-D29B58F91991}.Release_DLL|x64.ActiveCfg = Release_DLL|x64
		{5CCE1C6A-2BD5-48BF-99E2-D29B58F91991}.Release_DLL|x64.Build.0 = Release_DLL|x64
		{5CCE1C6A-2BD5-48BF-99E2-D29B58F91991}.Release_LIB|Win32.ActiveCfg = Release_LIB|Win32
		{5CCE1C6A-2BD5-48BF-99E2-D29B58F91991}.Release_LIB|Win32.Build.0 = Release_LIB|Win32
		{5CCE1C6A-2BD5-48BF-99E2-D29B58F91991}.Release_LIB|x64.ActiveCfg = Release_LIB|x64
		{5CCE1C6A-2BD5-48BF-99E2-D29B58F91991}.Release_LIB|x64.Build.0 = Release_LIB|x64
		{422A8C73-836C-48CB-86C8-0591E69C0CA1}.Debug_DLL|Win32.ActiveCfg = Debug_DLL|Win32
		{422A8C73-836C-48CB-86C8-0591E69C0CA1}.Debug_DLL|Win32.Build.0 = Debug_DLL|Win32
		{422A8C73-836C-48CB-86C8-0591E69C0CA1}.Debug_DLL|x64.ActiveCfg = Debug_DLL|x64
		{422A8C73-836C-48CB-86C8-0591E69C0CA1}.Debug_DLL|x64.Build.0 = Debug_DLL|x64
		{422A8C73-836C-48CB-86C8-0591E69C0CA1}.Debug_LIB|Win32.ActiveCfg = Debug_LIB|Win32
		{422A8C73-836C-48CB-86C8-0591E69C0CA1}.Debug_LIB|Win32.Build.0 = Debug_LIB|Win32
		{422A8C73-836C-48CB-86C8-0591E69C0CA1}.Debug_LIB|x64.ActiveCfg = Debug_LIB|x64
		{422A8C73-836C-48CB-86C8-0591E69C0CA1}.Debug_LIB|x64.Build.0 = Debug_LIB|x64
		{422A8C73-836C-48CB-86C8-0591E69C0CA1}.Release_DLL|Win32.ActiveCfg = Release_DLL|Win32
		{422A8C73-836C-48CB-86C8-0591E69C0CA1}.Release_DLL|Win32.Build.0 = Release_DLL|Win32
		{422A8C73-836C-48CB-86C8-0591E69C0CA1}.Release_DLL|x64.ActiveCfg = Release_DLL|x64
		{422A8C73-836C-48CB-86C8-0591E69C0CA1}.Release_DLL|x64.Build.0 = Release_DLL|x64
		{422A8C73-836C-48CB-86C8-0591E69C0CA1}.Release_LIB|Win32.ActiveCfg = Release_LIB|Win32
		{422A8C73-836C-48CB-86C8-0591E69C0CA1}.Release_LIB|Win32.Build.0 = Release_LIB|Win32
		{422A8C73-836C-48CB-86C8-0591E69C0CA1}.Release_LIB|x64.ActiveCfg = Release_LIB|x64
		{422A8C73-836C-48CB-86C8-0591E69C0CA1}.Release_LIB|x64.Build.0 = Release_LIB|x64
		{9CF8D9AB-E47D-4923-A251-80E40B4E7144}.Debug_DLL|Win32.ActiveCfg = Debug_DLL|Win32
		{9CF8D9AB-E47D-4923-A251-80E40B4E7144}.Debug_DLL|Win32.Build.0 = Debug_DLL|Win32
		{9CF8D9AB-E47D-4923-A251-80E40B4E7144}.Debug_DLL|x64.ActiveCfg = Debug_DLL|x64
		{9CF8D9AB-E47D-4923-A251-80E40B4E7144}.Debug_DLL|x64.Build.0 = Debug_DLL|x64
		{9CF8D9AB-E47D-4923-A251-80E40B4E7144}.Debug_LIB|Win32.ActiveCfg = Debug_LIB|Win32
		{9CF8D9AB-E47D-4923-A251-80E40B4E7144}.Debug_LIB|Win32.Build.0 = Debug_LIB|Win32
		{9CF8D9AB-E47D-4923-A251-80E40B4E7144}.Debug_LIB|x64.ActiveCfg = Debug_LIB|x64
		{9CF8D9AB-E47D-4923-A251-80E40B4E7144}.Debug_LIB|x64.Build.0 = Debug_LIB|x64
		{9CF8D9AB-E47D-4923-A251-80E40B4E7144}.Release_DLL|Win32.ActiveCfg = Release_DLL|Win32
		{9CF8D9AB-E47D-4923-A251-80E40B4E7144}.Release_DLL|Win32.Build.0 = Release_DLL|Win32
		{9CF8D9AB-E47D-4923-A251-80E40B4E7144}.Release_DLL|x64.ActiveCfg = Release_DLL|x64
		{9CF8D9AB-E47D-4923-A251-80E40B4E7144}.Release_DLL|x64.Build.0 = Release_DLL|x64
		{9CF8D9AB-E47D-4923-A251-80E40B4E7144}.Release_LIB|Win32.ActiveCfg = Release_LIB|Win32
		{9CF8D9AB-E47D-4923-A251-80E40B4E7144}.Release_LIB|Win32.Build.0 = Release_LIB|Win32
		{9CF8D9AB-E47D-4923-A251-80E40B4E7144}.Release_LIB|x64.ActiveCfg = Release_LIB|x64
		{9CF8D9AB-E47D-4923-A251-80E40B4E7144}.Release_LIB|x64.Build.0 = Release_LIB|x64
		{CE14B4D8-C63F-4EA6-9DE4-CACE48EA092C}.Debug_DLL|Win32.ActiveCfg = Debug_DLL|Win32
		{CE14B4D8-C63F-4EA6-9DE4-CACE48EA092C}.Debug_DLL|Win32.Build.0 = Debug_DLL|Win32
		{CE14B4D8-C63F-4EA6-9DE4-CACE48EA092C}.Debug_DLL|x64.ActiveCfg = Debug_DLL|x64
		{CE14B4D8-C63F-4EA6-9DE4-CACE48EA092C}.Debug_DLL|x64.Build.0 = Debug_DLL|x64
		{CE14B4D8-C63F-4EA6-9DE4-CACE48EA092C}.Debug_LIB|Win32.ActiveCfg = Debug_LIB|Win32
		{CE14B4D8-C63F-4EA6-9DE4-CACE48EA092C}.Debug_LIB|Win32.Build.0 = Debug_LIB|Win32
		{CE14B4D8-C63F-4EA6-9DE4-CACE48EA092C}.Debug_LIB|x64.ActiveCfg = Debug_LIB|x64
		{CE14B4D8-C63F-4EA6-9DE4-CACE48EA092C}.Debug_LIB|x64.Build.0 = Debug_LIB|x64
		{CE14B4D8-C63F-4EA6-9DE4-CACE48EA092C}.Release_DLL|Win32.ActiveCfg = Release_DLL|Win32
		{CE14B4D8-C63F-4EA6-9DE4-CACE48EA092C}.Release_DLL|Win32.Build.0 = Release_DLL|Win32
		{CE14B4D8-C63F-4EA6-9DE4-CACE48EA092C}.Release_DLL|x64.ActiveCfg = Release_DLL|x64
		{CE14B4D8-C63F-4EA6-9DE4-CACE48EA092C}.Release_DLL|x64.Build.0 = Release_DLL|x64
		{CE14B4D8-C63F-4EA6-9DE4-CACE48EA092C}.Release_LIB|Win32.ActiveCfg = Release_LIB|Win32
		{CE14B4D8-C63F-4EA6-9DE4-CACE48EA092C}.Release_LIB|Win32.Build.0 = Release_LIB|Win32
		{CE14B4D8-C63F-4EA6-9DE4-CACE48EA092C}.Release_LIB|x64.ActiveCfg = Release_LIB|x64
		{CE14B4D8-C63F-4EA6-9DE4-CACE48EA092C}.Release_LIB|x64.Build.0 = Release_LIB|x64
		{A17BA797-3CA6-47F9-B47E-673118EABA1A}.Debug_DLL|Win32.ActiveCfg = Debug_DLL|Win32
		{A17BA797-3CA6-47F9-B47E-673118EABA1A}.Debug_DLL|Win32.Build.0 = Debug_DLL|Win32
		{A17BA797-3CA6-47F9-B47E-673118EABA1A}.Debug_DLL|x64.ActiveCfg = Debug_DLL|x64
		{A17BA797-3CA6-47F9-B47E-673118EABA1A}.Debug_DLL|x64.Build.0 = Debug_DLL|x64
		{A17BA797-3CA6-47F9-B47E-673118EABA1A}.Debug_LIB|Win32.ActiveCfg = Debug_LIB|Win32
		{A17BA797-3CA6-47F9-B47E-673118EABA1A}.Debug_LIB|Win32.Build.0 = Debug_LIB|Win32
		{A17BA797-3CA6-47F9-B47E-673118EABA1A}.Debug_LIB|x64.ActiveCfg = Debug_LIB|x64
		{A17BA797-3CA6-47F9-B47E-673118EABA1A}.Debug_LIB|x64.Build.0 = Debug_LIB|x64
		{A17BA797-3CA6-47F9-B47E-673118EABA1A}.Release_DLL|Win32.ActiveCfg = Release_DLL|Win32
		{A17BA797-3CA6-47F9-B47E-673118EABA1A}.Release_DLL|Win32.Build.0 = Release_DLL|Win32
		{A17BA797-3CA6-47F9-B47E-673118EABA1A}.Release_DLL|x64.ActiveCfg = Release_DLL|x64
		{A17BA797-3CA6-47F9-B47E-673118EABA1A}.Release_DLL|x64.Build.0 = Release_DLL|x64
		{A17BA797-3CA6-47F9-B47E-673118EABA1A}.Release_LIB|Win32.ActiveCfg = Release_LIB|Win32
		{A17BA797-3CA6-47F9-B47E-673118EABA1A}.Release_LIB|Win32.Build.0 = Release_LIB|Win32
		{A17BA797-3CA6-47F9-B47E-673118EABA1A}.Release_LIB|x64.ActiveCfg = Release_LIB|x64
		{A17BA797-3CA6-47F9-B47E-673118EABA1A}.Release_LIB|x64.Build.0 = Release_LIB|x64
		{421A512B-4C74-4461-9956-DC5864275D18}.Debug_DLL|Win32.ActiveCfg = Debug_DLL|Win32
		{421A512B-4C74-4461-9956-DC5864275D18}.Debug_DLL|Win32.Build.0 = Debug_DLL|Win32
		{421A512B-4C74-4461-9956-DC5864275D18}.Debug_DLL|x64.ActiveCfg = Debug_DLL|x64
		{421A512B-4C74-4461-9956-DC5864275D18}.Debug_DLL|x64.Build.0 = Debug_DLL|x64
		{421A512B-4C74-4461-9956-DC5864275D18}.Debug_LIB|Win32.ActiveCfg = Debug_LIB|Win32
		{421A512B-4C74-4461-9956-DC5864275D18}.Debug_LIB|Win32.Build.0 = Debug_LIB|Win32
		{421A512B-4C74-4461-9956-DC5864275D18}.Debug_LIB|x64.ActiveCfg = Debug_LIB|x64
		{421A512B-4C74-4461-9956-DC5864275D18}.Debug_LIB|x64.Build.0 = Debug_LIB|x64
		{421A512B-4C74-4461-9956-DC5864275D18}.Release_DLL|Win32.ActiveCfg = Release_DLL|Win32
		{421A512B-4C74-4461-9956-DC5864275D18}.Release_DLL|Win32.Build.0 = Release_DLL|Win32
		{421A512B-4C74-4461-9956-DC5864275D18}.Release_DLL|x64.ActiveCfg = Release_DLL|x64
		{421A512B-4C74-4461-9956-DC5864275D18}.Release_DLL|x64.Build.0 = Release_DLL|x64
		{421A512B-4C74-4461-9956-DC5864275D18}.Release_LIB|Win32.ActiveCfg = Release_LIB|Win32
		{421A512B-4C74-4461-9956-DC5864275D18}.Release_LIB|Win32.Build.0 = Release_LIB|Win32
		{421A512B-4C74-4461-9956-DC5864275D18}.Release_LIB|x64.ActiveCfg = Release_LIB|x64
		{421A512B-4C74-4461-9956-DC5864275D18}.Release_LIB|x64.Build.0 = Release_LIB|x64
		{D3311F39-9AE8-4F16-BE04-1D1D31135BA9}.Debug_DLL|Win32.ActiveCfg = Debug_DLL|Win32
		{D3311F39-9AE8-4F16-BE04-1D1D31135BA9}.Debug_DLL|Win32.Build.0 = Debug_DLL|Win32
		{D3311F39-9AE8-4F16-BE04-1D1D31135BA9}.Debug_DLL|x64.ActiveCfg = Debug_DLL|x64
		{D3311F39-9AE8-4F16-BE04-1D1D31135BA9}.Debug_DLL|x64.Build.0 = Debug_DLL|x64
		{D3311F39-9AE8-4F16-BE04-1D1D31135BA9}.Debug_LIB|Win32.ActiveCfg = Debug_LIB|Win32
		{D3311F39-9AE8-4F16-BE04-1D1D31135BA9}.Debug_LIB|Win32.Build.0 = Debug_LIB|Win32
		{D3311F39-9AE8-4F16-BE04-1D1D31135BA9}.Debug_LIB|x64.ActiveCfg = Debug_LIB|x64
		{D3311F39-9AE8-4F16-BE04-1D1D31135BA9}.Debug_LIB|x64.Build.0 = Debug_LIB|x64
		{D3311F39-9AE8-4F16-BE04-1D1D31135BA9}.Release_DLL|Win32.ActiveCfg = Release_DLL|Win32
		{D3311F39-9AE8-4F16-BE04-1D1D31135BA9}.Release_DLL|Win32.Build.0 = Release_DLL|Win32
		{D3311F39-9AE8-4F16-BE04-1D1D31135BA9}.Release_DLL|x64.ActiveCfg = Release_DLL|x64
		{D3311F39-9AE8-4F16-BE04-1D1D31135BA9}.Release_DLL|x64.Build.0 = Release_DLL|x64
		{D3311F39-9AE8-4F16-BE04-1D1D31135BA9}.Release_LIB|Win32.ActiveCfg = Release_LIB|Win32
		{D3311F39-9AE8-4F16-BE04-1D1D31135BA9}.Release_LIB|Win32.Build.0 = Release_LIB|Win32
		{D3311F39-9AE8-4F16-BE04-1D1D31135BA9}.Release_LIB|x64.ActiveCfg = Release_LIB|x64
		{D3311F39-9AE8-4F16-BE04-1D1D31135BA9}.Release_LIB|x64.Build.0 = Release_LIB|x64
		{BAE6CE99-140A-4018-8BCB-9D63F54D6F07}.Debug_DLL|Win32.ActiveCfg = Debug_DLL|Win32
		{BAE6CE99-140A-4018-8BCB-9D63F54D6F07}.Debug_DLL|Win32.Build.0 = Debug_DLL|Win32
		{BAE6CE99-140A-4018-8BCB-9D63F54D6F07}.Debug_DLL|x64.ActiveCfg = Debug_DLL|x64
		{BAE6CE99-140A-4018-8BCB-9D63F54D6F07}.Debug_DLL|x64.Build.0 = Debug_DLL|x64
		{BAE6CE99-140A-4018-8BCB-9D63F54D6F07}.Debug_LIB|Win32.ActiveCfg = Debug_LIB|Win32
		{BAE6CE99-140A-4018-8BCB-9D63F54D6F07}.Debug_LIB|Win32.Build.0 = Debug_LIB|Win32
		{BAE6CE99-140A-4018-8BCB-9D63F54D6F07}.Debug_LIB|x64.ActiveCfg = Debug_LIB|x64
		{BAE6CE99-140A-4018-8BCB-9D63F54D6F07}.Debug_LIB|x64.Build.0 = Debug_LIB|x64
		{BAE6CE99-140A-4018-8BCB-9D63F54D6F07}.Release_DLL|Win32.ActiveCfg = Release_DLL|Win32
		{BAE6CE99-140A-4018-8BCB-9D63F54D6F07}.Release_DLL|Win32.Build.0 = Release_DLL|Win32
		{BAE6CE99-140A-4018-8BCB-9D63F54D6F07}.Release_DLL|x64.ActiveCfg = Release_DLL|x64
		{BAE6CE99-140A-4018-8BCB-9D63F54D6F07}.Release_DLL|x64.Build.0 = Release_DLL|x64
		{BAE6CE99-140A-4018-8BCB-9D63F54D6F07}.Release_LIB|Win32.ActiveCfg = Release_LIB|Win32
		{BAE6CE99-140A-4018-8BCB-9D63F54D6F07}.Release_LIB|Win32.Build.0 = Release_LIB|Win32
		{BAE6CE99-140A-4018-8BCB-9D63F54D6F07}.Release_LIB|x64.ActiveCfg = Release_LIB|x64
		{BAE6CE99-140A-4018-8BCB-9D63F54D6F07}.Release_LIB|x64.Build.0 = Release_LIB|x64
		{E0621B43-15E2-4080-B777-16C02E5B4611}.Debug_DLL|Win32.ActiveCfg = Debug_DLL|Win32
		{E0621B43-15E2-4080-B777-16C02E5B4611}.Debug_DLL|Win32.Build.0 = Debug_DLL|Win32
		{E0621B43-15E2-4080-B777-16C02E5B4611}.Debug_DLL|x64.ActiveCfg = Debug_DLL|x64
		{E0621B43-15E2-4080-B777-16C02E5B4611}.Debug_DLL|x64.Build.0 = Debug_DLL|x64
		{E0621B43-15E2-4080-B777-16C02E5B4611}.Debug_LIB|Win32.ActiveCfg = Debug_LIB|Win32
		{E0621B43-15E2-4080-B777-16C02E5B4611}.Debug_LIB|Win32.Build.0 = Debug_LIB|Win32
		{E0621B43-15E2-4080-B777-16C02E5B4611}.Debug_LIB|x64.ActiveCfg = Debug_LIB|x64
		{E0621B43-15E2-4080-B777-16C02E5B4611}.Debug_LIB|x64.Build.0 = Debug_LIB|x64
		{E0621B43-15E2-4080-B777-16C02E5B4611}.Release_DLL|Win32.ActiveCfg = Release_DLL|Win32
		{E0621B43-15E2-4080-B777-16C02E5B4611}.Release_DLL|Win32.Build.0 = Release_DLL|Win32
		{E0621B43-15E2-4080-B777-16C02E5B4611}.Release_DLL|x64.ActiveCfg = Release_DLL|x64
		{E0621B43-15E2-4080-B777-16C02E5B4611}.Release_DLL|x64.Build.0 = Release_DLL|x64
		{E0621B43-15E2-4080-B777-16C02E5B4611}.Release_LIB|Win32.ActiveCfg = Release_LIB|Win32
		{E0621B43-15E2-4080-B777-16C02E5B4611}.Release_LIB|Win32.Build.0 = Release_LIB|Win32
		{E0621B43-15E2-4080-B777-16C02E5B4611}.Release_LIB|x64.ActiveCfg = Release_LIB|x64
		{E0621B43-15E2-4080-B777-16C02E5B4611}.Release_LIB|x64.Build.0 = Release_LIB|x64
	EndGlobalSection
	GlobalSection(SolutionProperties) = preSolution
		HideSolutionNode = FALSE
	EndGlobalSection
	GlobalSection(NestedProjects) = preSolution
		{E9D99FC7-E592-472B-B2E2-C3B0D81D8169} = {2A16E720-4EE8-47A8-AF11-97DFE4B79C6D}
		{361BCEBD-8B02-4B15-B28B-863F0602CB99} = {2CAA5CD1-B135-4215-B9DE-8B15EB19F8FB}
		{280222D8-1C6B-430D-8F32-C8A47397525B} = {CD897BA0-128B-4B9D-9BD0-1829E3EB91C6}
		{B06AFD40-69E3-4D78-B401-75A27C869381} = {D915C7BF-E16C-446D-BB8F-26414F1C8F5B}
		{AF70446C-3E93-42DF-9943-18DDCFA4991A} = {D772CB17-6D38-48F4-958E-6A721026C056}
		{CD897BA0-128B-4B9D-9BD0-1829E3EB91C6} = {2A16E720-4EE8-47A8-AF11-97DFE4B79C6D}
		{D915C7BF-E16C-446D-BB8F-26414F1C8F5B} = {2A16E720-4EE8-47A8-AF11-97DFE4B79C6D}
		{72F51F37-2669-43E0-A166-04E8FD34B294} = {AF70446C-3E93-42DF-9943-18DDCFA4991A}
		{5CCE1C6A-2BD5-48BF-99E2-D29B58F91991} = {72F51F37-2669-43E0-A166-04E8FD34B294}
		{5499ACCB-903F-4F89-AAFA-C82E7AF7F132} = {0FEE2476-268F-4683-B3AA-8CA5932333C6}
		{422A8C73-836C-48CB-86C8-0591E69C0CA1} = {5499ACCB-903F-4F89-AAFA-C82E7AF7F132}
		{9CF8D9AB-E47D-4923-A251-80E40B4E7144} = {B81B8DF0-D48C-4D5C-B1EB-FC8C2ACCA29F}
		{BA5F5A20-2C40-4066-AE19-9853DFF82EEE} = {B81B8DF0-D48C-4D5C-B1EB-FC8C2ACCA29F}
		{CE14B4D8-C63F-4EA6-9DE4-CACE48EA092C} = {BA5F5A20-2C40-4066-AE19-9853DFF82EEE}
		{3BE95765-EB5A-44D6-9369-A8759A2FAFDE} = {5499ACCB-903F-4F89-AAFA-C82E7AF7F132}
		{A17BA797-3CA6-47F9-B47E-673118EABA1A} = {3BE95765-EB5A-44D6-9369-A8759A2FAFDE}
		{C2A4C477-2BE6-494C-89F3-B51BA1376EBD} = {D04ACFD8-B76B-4D6C-BF02-F280CF75ABAA}
		{18C9AB30-1CAF-4A41-95A2-0CA2D3E19854} = {D04ACFD8-B76B-4D6C-BF02-F280CF75ABAA}
		{73322DE2-4EF3-41A8-86BE-BB9C2EEFDE68} = {D04ACFD8-B76B-4D6C-BF02-F280CF75ABAA}
		{7605EED0-5C32-4994-A46F-CB2C7F6626B7} = {D772CB17-6D38-48F4-958E-6A721026C056}
		{E66A6FB1-9A3A-4BD0-BED5-B3C841AD193A} = {7605EED0-5C32-4994-A46F-CB2C7F6626B7}
		{2CAA5CD1-B135-4215-B9DE-8B15EB19F8FB} = {154531C9-D836-409A-9B2D-E7E893510855}
		{1BAAD656-1CBB-4D3E-A983-0D14F518877A} = {7605EED0-5C32-4994-A46F-CB2C7F6626B7}
		{0FEE2476-268F-4683-B3AA-8CA5932333C6} = {1BAAD656-1CBB-4D3E-A983-0D14F518877A}
		{7D7B9019-333C-40E3-AC42-F21B6D638C09} = {7605EED0-5C32-4994-A46F-CB2C7F6626B7}
		{2A16E720-4EE8-47A8-AF11-97DFE4B79C6D} = {7D7B9019-333C-40E3-AC42-F21B6D638C09}
		{B81B8DF0-D48C-4D5C-B1EB-FC8C2ACCA29F} = {0FEE2476-268F-4683-B3AA-8CA5932333C6}
		{76FAEC6F-2322-43DF-B96E-D2D0EDF57845} = {0FEE2476-268F-4683-B3AA-8CA5932333C6}
		{421A512B-4C74-4461-9956-DC5864275D18} = {76FAEC6F-2322-43DF-B96E-D2D0EDF57845}
		{154531C9-D836-409A-9B2D-E7E893510855} = {E66A6FB1-9A3A-4BD0-BED5-B3C841AD193A}
		{D3311F39-9AE8-4F16-BE04-1D1D31135BA9} = {C10F6E3C-C515-4707-991E-4D5F193D5D86}
		{D05A6C72-E20D-4B21-A544-E76A419329F8} = {73322DE2-4EF3-41A8-86BE-BB9C2EEFDE68}
		{CDA2E23F-F2E4-4D36-85AE-43398D800DC4} = {73322DE2-4EF3-41A8-86BE-BB9C2EEFDE68}
		{54B14EFD-5FF5-443C-B40D-F6B4B964309D} = {73322DE2-4EF3-41A8-86BE-BB9C2EEFDE68}
		{A784112A-84CF-4226-8C80-307F53413D1F} = {73322DE2-4EF3-41A8-86BE-BB9C2EEFDE68}
		{3674D600-79C9-4BCE-A19E-4A7FC6332426} = {73322DE2-4EF3-41A8-86BE-BB9C2EEFDE68}
		{BAE6CE99-140A-4018-8BCB-9D63F54D6F07} = {C2A4C477-2BE6-494C-89F3-B51BA1376EBD}
		{C10F6E3C-C515-4707-991E-4D5F193D5D86} = {D04ACFD8-B76B-4D6C-BF02-F280CF75ABAA}
		{E0621B43-15E2-4080-B777-16C02E5B4611} = {C10F6E3C-C515-4707-991E-4D5F193D5D86}
	EndGlobalSection
	GlobalSection(ExtensibilityGlobals) = postSolution
		SolutionGuid = {33A71C13-4DAD-484B-96AE-30E3B9F75D2C}
	EndGlobalSection
EndGlobal
